
Microsoft Visual Studio Solution File, Format Version 12.00
# Visual Studio Version 16
VisualStudioVersion = 16.0.30114.105
MinimumVisualStudioVersion = 10.0.40219.1
Project("{2150E333-8FDC-42A3-9474-1A3956D46DE8}") = "src", "src", "{31286489-6C69-4516-BD05-1E453B2EAD36}"
EndProject
Project("{FAE04EC0-301F-11D3-BF4B-00C04F79EFBC}") = "Chat.Data", "src\Chat.Data\Chat.Data.csproj", "{6F14057A-7EA5-4C2F-AAB3-2BA253E4B003}"
EndProject
Project("{FAE04EC0-301F-11D3-BF4B-00C04F79EFBC}") = "Chat.Web", "src\Chat.Web\Chat.Web.csproj", "{A2C80DCB-F7E9-4796-818C-BC0651389DF1}"
EndProject
Global
	GlobalSection(SolutionConfigurationPlatforms) = preSolution
		Debug|Any CPU = Debug|Any CPU
		Release|Any CPU = Release|Any CPU
	EndGlobalSection
	GlobalSection(SolutionProperties) = preSolution
		HideSolutionNode = FALSE
	EndGlobalSection
	GlobalSection(ProjectConfigurationPlatforms) = postSolution
		{6F14057A-7EA5-4C2F-AAB3-2BA253E4B003}.Debug|Any CPU.ActiveCfg = Debug|Any CPU
		{6F14057A-7EA5-4C2F-AAB3-2BA253E4B003}.Debug|Any CPU.Build.0 = Debug|Any CPU
		{6F14057A-7EA5-4C2F-AAB3-2BA253E4B003}.Release|Any CPU.ActiveCfg = Release|Any CPU
		{6F14057A-7EA5-4C2F-AAB3-2BA253E4B003}.Release|Any CPU.Build.0 = Release|Any CPU
		{A2C80DCB-F7E9-4796-818C-BC0651389DF1}.Debug|Any CPU.ActiveCfg = Debug|Any CPU
		{A2C80DCB-F7E9-4796-818C-BC0651389DF1}.Debug|Any CPU.Build.0 = Debug|Any CPU
		{A2C80DCB-F7E9-4796-818C-BC0651389DF1}.Release|Any CPU.ActiveCfg = Release|Any CPU
		{A2C80DCB-F7E9-4796-818C-BC0651389DF1}.Release|Any CPU.Build.0 = Release|Any CPU
	EndGlobalSection
	GlobalSection(NestedProjects) = preSolution
		{6F14057A-7EA5-4C2F-AAB3-2BA253E4B003} = {31286489-6C69-4516-BD05-1E453B2EAD36}
		{A2C80DCB-F7E9-4796-818C-BC0651389DF1} = {31286489-6C69-4516-BD05-1E453B2EAD36}
	EndGlobalSection
EndGlobal
